
Microsoft Visual Studio Solution File, Format Version 12.00
# Visual Studio 15
VisualStudioVersion = 15.0.28307.705
MinimumVisualStudioVersion = 10.0.40219.1
Project("{FAE04EC0-301F-11D3-BF4B-00C04F79EFBC}") = "CSRedisDemo", "CSRedisDemo\CSRedisDemo.csproj", "{8E51A9A4-5137-46D4-BD5D-B15CAFF1B2C2}"
EndProject
Global
	GlobalSection(SolutionConfigurationPlatforms) = preSolution
		Debug|Any CPU = Debug|Any CPU
		Release|Any CPU = Release|Any CPU
	EndGlobalSection
	GlobalSection(ProjectConfigurationPlatforms) = postSolution
		{8E51A9A4-5137-46D4-BD5D-B15CAFF1B2C2}.Debug|Any CPU.ActiveCfg = Debug|Any CPU
		{8E51A9A4-5137-46D4-BD5D-B15CAFF1B2C2}.Debug|Any CPU.Build.0 = Debug|Any CPU
		{8E51A9A4-5137-46D4-BD5D-B15CAFF1B2C2}.Release|Any CPU.ActiveCfg = Release|Any CPU
		{8E51A9A4-5137-46D4-BD5D-B15CAFF1B2C2}.Release|Any CPU.Build.0 = Release|Any CPU
	EndGlobalSection
	GlobalSection(SolutionProperties) = preSolution
		HideSolutionNode = FALSE
	EndGlobalSection
	GlobalSection(ExtensibilityGlobals) = postSolution
		SolutionGuid = {7C6C1E98-4F1B-4904-9AAA-FA9AA56AAFC8}
	EndGlobalSection
EndGlobal
