
Microsoft Visual Studio Solution File, Format Version 12.00
# Visual Studio Version 16
VisualStudioVersion = 16.0.30225.117
MinimumVisualStudioVersion = 10.0.40219.1
Project("{FAE04EC0-301F-11D3-BF4B-00C04F79EFBC}") = "DinkToPdfDemo", "DinkToPdfDemo\DinkToPdfDemo.csproj", "{59F3B092-EBDD-42BE-9132-7683D1A39F07}"
EndProject
Global
	GlobalSection(SolutionConfigurationPlatforms) = preSolution
		Debug|Any CPU = Debug|Any CPU
		Release|Any CPU = Release|Any CPU
	EndGlobalSection
	GlobalSection(ProjectConfigurationPlatforms) = postSolution
		{59F3B092-EBDD-42BE-9132-7683D1A39F07}.Debug|Any CPU.ActiveCfg = Debug|Any CPU
		{59F3B092-EBDD-42BE-9132-7683D1A39F07}.Debug|Any CPU.Build.0 = Debug|Any CPU
		{59F3B092-EBDD-42BE-9132-7683D1A39F07}.Release|Any CPU.ActiveCfg = Release|Any CPU
		{59F3B092-EBDD-42BE-9132-7683D1A39F07}.Release|Any CPU.Build.0 = Release|Any CPU
	EndGlobalSection
	GlobalSection(SolutionProperties) = preSolution
		HideSolutionNode = FALSE
	EndGlobalSection
	GlobalSection(ExtensibilityGlobals) = postSolution
		SolutionGuid = {BDF97549-8383-4180-863A-22242485F622}
	EndGlobalSection
EndGlobal
