
Microsoft Visual Studio Solution File, Format Version 12.00
# Visual Studio Version 16
VisualStudioVersion = 16.0.30225.117
MinimumVisualStudioVersion = 10.0.40219.1
Project("{FAE04EC0-301F-11D3-BF4B-00C04F79EFBC}") = "MailKitDemo", "MailKitDemo\MailKitDemo.csproj", "{91613A81-93D4-494E-9EFA-8F424BB22589}"
EndProject
Global
	GlobalSection(SolutionConfigurationPlatforms) = preSolution
		Debug|Any CPU = Debug|Any CPU
		Release|Any CPU = Release|Any CPU
	EndGlobalSection
	GlobalSection(ProjectConfigurationPlatforms) = postSolution
		{91613A81-93D4-494E-9EFA-8F424BB22589}.Debug|Any CPU.ActiveCfg = Debug|Any CPU
		{91613A81-93D4-494E-9EFA-8F424BB22589}.Debug|Any CPU.Build.0 = Debug|Any CPU
		{91613A81-93D4-494E-9EFA-8F424BB22589}.Release|Any CPU.ActiveCfg = Release|Any CPU
		{91613A81-93D4-494E-9EFA-8F424BB22589}.Release|Any CPU.Build.0 = Release|Any CPU
	EndGlobalSection
	GlobalSection(SolutionProperties) = preSolution
		HideSolutionNode = FALSE
	EndGlobalSection
	GlobalSection(ExtensibilityGlobals) = postSolution
		SolutionGuid = {5D182414-5D59-4802-93C9-FA4863898430}
	EndGlobalSection
EndGlobal
