
Microsoft Visual Studio Solution File, Format Version 12.00
# Visual Studio Version 16
VisualStudioVersion = 16.0.31019.35
MinimumVisualStudioVersion = 10.0.40219.1
Project("{FAE04EC0-301F-11D3-BF4B-00C04F79EFBC}") = "ThreadDemo", "ThreadDemo\ThreadDemo.csproj", "{ACCB56C5-D5FF-4267-9378-4718E8828D80}"
EndProject
Global
	GlobalSection(SolutionConfigurationPlatforms) = preSolution
		Debug|Any CPU = Debug|Any CPU
		Release|Any CPU = Release|Any CPU
	EndGlobalSection
	GlobalSection(ProjectConfigurationPlatforms) = postSolution
		{ACCB56C5-D5FF-4267-9378-4718E8828D80}.Debug|Any CPU.ActiveCfg = Debug|Any CPU
		{ACCB56C5-D5FF-4267-9378-4718E8828D80}.Debug|Any CPU.Build.0 = Debug|Any CPU
		{ACCB56C5-D5FF-4267-9378-4718E8828D80}.Release|Any CPU.ActiveCfg = Release|Any CPU
		{ACCB56C5-D5FF-4267-9378-4718E8828D80}.Release|Any CPU.Build.0 = Release|Any CPU
	EndGlobalSection
	GlobalSection(SolutionProperties) = preSolution
		HideSolutionNode = FALSE
	EndGlobalSection
	GlobalSection(ExtensibilityGlobals) = postSolution
		SolutionGuid = {C8438500-B415-4831-A6AB-CBED27B29CEA}
	EndGlobalSection
EndGlobal
