
Microsoft Visual Studio Solution File, Format Version 12.00
# Visual Studio Version 16
VisualStudioVersion = 16.0.30225.117
MinimumVisualStudioVersion = 10.0.40219.1
Project("{FAE04EC0-301F-11D3-BF4B-00C04F79EFBC}") = "mongoDBDemo", "mongoDBDemo\mongoDBDemo.csproj", "{887DB448-42A7-414D-AE03-64E3A792300B}"
EndProject
Global
	GlobalSection(SolutionConfigurationPlatforms) = preSolution
		Debug|Any CPU = Debug|Any CPU
		Release|Any CPU = Release|Any CPU
	EndGlobalSection
	GlobalSection(ProjectConfigurationPlatforms) = postSolution
		{887DB448-42A7-414D-AE03-64E3A792300B}.Debug|Any CPU.ActiveCfg = Debug|Any CPU
		{887DB448-42A7-414D-AE03-64E3A792300B}.Debug|Any CPU.Build.0 = Debug|Any CPU
		{887DB448-42A7-414D-AE03-64E3A792300B}.Release|Any CPU.ActiveCfg = Release|Any CPU
		{887DB448-42A7-414D-AE03-64E3A792300B}.Release|Any CPU.Build.0 = Release|Any CPU
	EndGlobalSection
	GlobalSection(SolutionProperties) = preSolution
		HideSolutionNode = FALSE
	EndGlobalSection
	GlobalSection(ExtensibilityGlobals) = postSolution
		SolutionGuid = {429CB283-9A6A-4021-82FA-F4F31668A73B}
	EndGlobalSection
EndGlobal
